
Microsoft Visual Studio Solution File, Format Version 12.00
# Visual Studio Version 17
VisualStudioVersion = 17.1.32421.90
MinimumVisualStudioVersion = 10.0.40219.1
Project("{FAE04EC0-301F-11D3-BF4B-00C04F79EFBC}") = "FPOSUpdater", "DeleteCheck\FPOSUpdater.csproj", "{DA9E8539-124A-43FE-A53F-2F0C07AEE707}"
EndProject
Project("{FAE04EC0-301F-11D3-BF4B-00C04F79EFBC}") = "FPOSDB", "FPOSDB\FPOSDB.csproj", "{7B97D10C-3CC7-4275-AF4B-82939459E2E7}"
EndProject
Global
	GlobalSection(SolutionConfigurationPlatforms) = preSolution
		Debug|Any CPU = Debug|Any CPU
		Release|Any CPU = Release|Any CPU
	EndGlobalSection
	GlobalSection(ProjectConfigurationPlatforms) = postSolution
		{DA9E8539-124A-43FE-A53F-2F0C07AEE707}.Debug|Any CPU.ActiveCfg = Debug|Any CPU
		{DA9E8539-124A-43FE-A53F-2F0C07AEE707}.Debug|Any CPU.Build.0 = Debug|Any CPU
		{DA9E8539-124A-43FE-A53F-2F0C07AEE707}.Release|Any CPU.ActiveCfg = Release|Any CPU
		{DA9E8539-124A-43FE-A53F-2F0C07AEE707}.Release|Any CPU.Build.0 = Release|Any CPU
		{7B97D10C-3CC7-4275-AF4B-82939459E2E7}.Debug|Any CPU.ActiveCfg = Debug|Any CPU
		{7B97D10C-3CC7-4275-AF4B-82939459E2E7}.Debug|Any CPU.Build.0 = Debug|Any CPU
		{7B97D10C-3CC7-4275-AF4B-82939459E2E7}.Release|Any CPU.ActiveCfg = Release|Any CPU
		{7B97D10C-3CC7-4275-AF4B-82939459E2E7}.Release|Any CPU.Build.0 = Release|Any CPU
	EndGlobalSection
	GlobalSection(SolutionProperties) = preSolution
		HideSolutionNode = FALSE
	EndGlobalSection
	GlobalSection(ExtensibilityGlobals) = postSolution
		SolutionGuid = {21A01BC1-AF81-40F4-80B0-66439BCC6CAB}
	EndGlobalSection
EndGlobal
